
Microsoft Visual Studio Solution File, Format Version 12.00
# Visual Studio 15
VisualStudioVersion = 15.0.27130.2027
MinimumVisualStudioVersion = 10.0.40219.1
Project("{8BC9CEB8-8B4A-11D0-8D11-00A0C91BC942}") = "hello", "hello\hello.vcxproj", "{024A6595-441B-4E45-A329-E0D1F798D554}"
EndProject
Global
	GlobalSection(SolutionConfigurationPlatforms) = preSolution
		Debug|x64 = Debug|x64
		Debug|x86 = Debug|x86
		Release|x64 = Release|x64
		Release|x86 = Release|x86
	EndGlobalSection
	GlobalSection(ProjectConfigurationPlatforms) = postSolution
		{024A6595-441B-4E45-A329-E0D1F798D554}.Debug|x64.ActiveCfg = Debug|x64
		{024A6595-441B-4E45-A329-E0D1F798D554}.Debug|x64.Build.0 = Debug|x64
		{024A6595-441B-4E45-A329-E0D1F798D554}.Debug|x86.ActiveCfg = Debug|Win32
		{024A6595-441B-4E45-A329-E0D1F798D554}.Debug|x86.Build.0 = Debug|Win32
		{024A6595-441B-4E45-A329-E0D1F798D554}.Release|x64.ActiveCfg = Release|x64
		{024A6595-441B-4E45-A329-E0D1F798D554}.Release|x64.Build.0 = Release|x64
		{024A6595-441B-4E45-A329-E0D1F798D554}.Release|x86.ActiveCfg = Release|Win32
		{024A6595-441B-4E45-A329-E0D1F798D554}.Release|x86.Build.0 = Release|Win32
	EndGlobalSection
	GlobalSection(SolutionProperties) = preSolution
		HideSolutionNode = FALSE
	EndGlobalSection
	GlobalSection(ExtensibilityGlobals) = postSolution
		SolutionGuid = {1E9036FE-9922-4D53-800B-4FA2E75B43B9}
	EndGlobalSection
EndGlobal
